
Microsoft Visual Studio Solution File, Format Version 12.00
# Visual Studio Version 16
VisualStudioVersion = 16.0.30204.135
MinimumVisualStudioVersion = 10.0.40219.1
Project("{FAE04EC0-301F-11D3-BF4B-00C04F79EFBC}") = "PickRandomCards", "PickRandomCards\PickRandomCards.csproj", "{3C7B50C6-538B-41DF-B615-04C693728204}"
EndProject
Global
	GlobalSection(SolutionConfigurationPlatforms) = preSolution
		Debug|Any CPU = Debug|Any CPU
		Release|Any CPU = Release|Any CPU
	EndGlobalSection
	GlobalSection(ProjectConfigurationPlatforms) = postSolution
		{3C7B50C6-538B-41DF-B615-04C693728204}.Debug|Any CPU.ActiveCfg = Debug|Any CPU
		{3C7B50C6-538B-41DF-B615-04C693728204}.Debug|Any CPU.Build.0 = Debug|Any CPU
		{3C7B50C6-538B-41DF-B615-04C693728204}.Release|Any CPU.ActiveCfg = Release|Any CPU
		{3C7B50C6-538B-41DF-B615-04C693728204}.Release|Any CPU.Build.0 = Release|Any CPU
	EndGlobalSection
	GlobalSection(SolutionProperties) = preSolution
		HideSolutionNode = FALSE
	EndGlobalSection
	GlobalSection(ExtensibilityGlobals) = postSolution
		SolutionGuid = {FF0D223F-5671-4F10-9B46-2DC3498C85F5}
	EndGlobalSection
EndGlobal
